
Microsoft Visual Studio Solution File, Format Version 12.00
# Visual Studio 15
VisualStudioVersion = 15.0.28010.2003
MinimumVisualStudioVersion = 10.0.40219.1
Project("{FAE04EC0-301F-11D3-BF4B-00C04F79EFBC}") = "QuickRun", "QuickRun\QuickRun.csproj", "{73156C8E-AE61-4CBD-A828-D773FDFF45BF}"
	ProjectSection(ProjectDependencies) = postProject
		{4CEB48DB-B44C-4CCC-A0AA-0A6B073D0212} = {4CEB48DB-B44C-4CCC-A0AA-0A6B073D0212}
	EndProjectSection
EndProject
Project("{FAE04EC0-301F-11D3-BF4B-00C04F79EFBC}") = "QuickRun.Setting", "QuickRun.Setting\QuickRun.Setting.csproj", "{87DA0CD6-3A77-47CC-B963-04752FDED96E}"
EndProject
Project("{FAE04EC0-301F-11D3-BF4B-00C04F79EFBC}") = "QuickRun.Plugin", "QuickRun.Plugin\QuickRun.Plugin.csproj", "{4CEB48DB-B44C-4CCC-A0AA-0A6B073D0212}"
EndProject
Project("{FAE04EC0-301F-11D3-BF4B-00C04F79EFBC}") = "QuickRun.Extension", "QuickRun.Extension\QuickRun.Extension.csproj", "{1DA939B8-6093-47F8-8877-786011B45727}"
EndProject
Global
	GlobalSection(SolutionConfigurationPlatforms) = preSolution
		Debug|Any CPU = Debug|Any CPU
		Release|Any CPU = Release|Any CPU
	EndGlobalSection
	GlobalSection(ProjectConfigurationPlatforms) = postSolution
		{73156C8E-AE61-4CBD-A828-D773FDFF45BF}.Debug|Any CPU.ActiveCfg = Debug|Any CPU
		{73156C8E-AE61-4CBD-A828-D773FDFF45BF}.Debug|Any CPU.Build.0 = Debug|Any CPU
		{73156C8E-AE61-4CBD-A828-D773FDFF45BF}.Release|Any CPU.ActiveCfg = Release|Any CPU
		{73156C8E-AE61-4CBD-A828-D773FDFF45BF}.Release|Any CPU.Build.0 = Release|Any CPU
		{87DA0CD6-3A77-47CC-B963-04752FDED96E}.Debug|Any CPU.ActiveCfg = Debug|Any CPU
		{87DA0CD6-3A77-47CC-B963-04752FDED96E}.Debug|Any CPU.Build.0 = Debug|Any CPU
		{87DA0CD6-3A77-47CC-B963-04752FDED96E}.Release|Any CPU.ActiveCfg = Release|Any CPU
		{87DA0CD6-3A77-47CC-B963-04752FDED96E}.Release|Any CPU.Build.0 = Release|Any CPU
		{4CEB48DB-B44C-4CCC-A0AA-0A6B073D0212}.Debug|Any CPU.ActiveCfg = Debug|Any CPU
		{4CEB48DB-B44C-4CCC-A0AA-0A6B073D0212}.Debug|Any CPU.Build.0 = Debug|Any CPU
		{4CEB48DB-B44C-4CCC-A0AA-0A6B073D0212}.Release|Any CPU.ActiveCfg = Release|Any CPU
		{4CEB48DB-B44C-4CCC-A0AA-0A6B073D0212}.Release|Any CPU.Build.0 = Release|Any CPU
		{1DA939B8-6093-47F8-8877-786011B45727}.Debug|Any CPU.ActiveCfg = Debug|Any CPU
		{1DA939B8-6093-47F8-8877-786011B45727}.Debug|Any CPU.Build.0 = Debug|Any CPU
		{1DA939B8-6093-47F8-8877-786011B45727}.Release|Any CPU.ActiveCfg = Release|Any CPU
		{1DA939B8-6093-47F8-8877-786011B45727}.Release|Any CPU.Build.0 = Release|Any CPU
	EndGlobalSection
	GlobalSection(SolutionProperties) = preSolution
		HideSolutionNode = FALSE
	EndGlobalSection
	GlobalSection(ExtensibilityGlobals) = postSolution
		SolutionGuid = {2FB75CBC-E2EC-46C6-A07D-A78E035CE057}
	EndGlobalSection
EndGlobal
